{
  "name": "arweavedata",
  "version": "1.0.0",
  "lockfileVersion": 3,
  "requires": true,
  "packages": {
    "": {
      "name": "arweavedata",
      "version": "1.0.0",
      "license": "ISC",
      "dependencies": {
        "ar-gql": "^1.2.2"
      }
    },
    "node_modules/ar-gql": {
      "version": "1.2.2",
      "resolved": "https://registry.npmjs.org/ar-gql/-/ar-gql-1.2.2.tgz",
      "integrity": "sha512-km54Oh3PsoMcsFrQ+3Eec89lDHcoxhoY5eo7asguo7rBt7HHYkbHZQRuH2R15BxYGy/DrmNj0Z1TtQJwypPgSw==",
      "engines": {
        "node": ">=18.0.0"
      }
    }
  }
}
